
Microsoft Visual Studio Solution File, Format Version 12.00
# Visual Studio Version 17
VisualStudioVersion = 17.3.32901.215
MinimumVisualStudioVersion = 10.0.40219.1
Project("{9A19103F-16F7-4668-BE54-9A1E7A4F7556}") = "WebAPI", "WebAPI\WebAPI.csproj", "{8FCC0FE1-ED0D-46BB-BE35-5D3DF619058B}"
EndProject
Project("{9A19103F-16F7-4668-BE54-9A1E7A4F7556}") = "WebAPIMatricula_3C2022", "WebAPIMatricula_3C2022\WebAPIMatricula_3C2022.csproj", "{47AD0686-8BF0-4E29-BEEF-2A548CA73E98}"
	ProjectSection(ProjectDependencies) = postProject
		{0C37B46E-EF4B-4FF6-82E9-D1056D8237EF} = {0C37B46E-EF4B-4FF6-82E9-D1056D8237EF}
		{138A812D-295B-493C-BB0C-027DE7D21577} = {138A812D-295B-493C-BB0C-027DE7D21577}
		{17CEF2A8-784D-4210-9978-7B0E3F6849CC} = {17CEF2A8-784D-4210-9978-7B0E3F6849CC}
		{35391E9F-6449-48C8-BB60-92FE059F0545} = {35391E9F-6449-48C8-BB60-92FE059F0545}
		{485ADBA1-5B88-4872-8379-CB2BB2B2B27D} = {485ADBA1-5B88-4872-8379-CB2BB2B2B27D}
		{72378500-8BEB-4A44-BEF4-BC3F437C6F89} = {72378500-8BEB-4A44-BEF4-BC3F437C6F89}
		{A87661D7-9AA4-4F2F-9007-8526E6245AA5} = {A87661D7-9AA4-4F2F-9007-8526E6245AA5}
		{DD330BA3-A6F3-4E3B-B638-C8706A582E3C} = {DD330BA3-A6F3-4E3B-B638-C8706A582E3C}
		{E567B2F7-FAD3-4421-8ADF-17C6F880D965} = {E567B2F7-FAD3-4421-8ADF-17C6F880D965}
		{FADA80E2-0427-4FE6-A9D3-C5A8A1B62A24} = {FADA80E2-0427-4FE6-A9D3-C5A8A1B62A24}
	EndProjectSection
EndProject
Project("{2150E333-8FDC-42A3-9474-1A3956D46DE8}") = "Auth", "Auth", "{04EFCFB4-D330-44BD-84B0-5676D4AFF91D}"
EndProject
Project("{2150E333-8FDC-42A3-9474-1A3956D46DE8}") = "Rest", "Rest", "{712C68F4-7F82-4AC2-8353-CE431FDC6920}"
EndProject
Project("{2150E333-8FDC-42A3-9474-1A3956D46DE8}") = "Dto", "Dto", "{D37BE4B5-475A-47E4-B39B-D79551A49050}"
EndProject
Project("{2150E333-8FDC-42A3-9474-1A3956D46DE8}") = "Dal", "Dal", "{7EE897EF-6EAE-40F5-9F6A-CB89FDA4B07F}"
EndProject
Project("{2150E333-8FDC-42A3-9474-1A3956D46DE8}") = "Bll", "Bll", "{70E11378-4808-4449-8493-47F4132FCC1E}"
EndProject
Project("{9A19103F-16F7-4668-BE54-9A1E7A4F7556}") = "API.Dto.Estudiante", "API.Dto.Estudiante\API.Dto.Estudiante.csproj", "{E54FABD3-CAF4-46A2-A56D-95ACBCB2848D}"
EndProject
Project("{9A19103F-16F7-4668-BE54-9A1E7A4F7556}") = "API.Dto.General", "API.Dto.General\API.Dto.General.csproj", "{60259A50-3882-4864-BE1B-8102952F0D60}"
EndProject
Project("{9A19103F-16F7-4668-BE54-9A1E7A4F7556}") = "API.Dto.Error", "API.Dto.Error\API.Dto.Error.csproj", "{7FFE311F-D654-4850-9B1C-AF7119BFFA05}"
EndProject
Project("{9A19103F-16F7-4668-BE54-9A1E7A4F7556}") = "API.Dal.Estudiante", "API.Dal.Estudiante\API.Dal.Estudiante.csproj", "{DCE6B1DB-1774-4495-94F9-FFF1598F09C2}"
EndProject
Project("{9A19103F-16F7-4668-BE54-9A1E7A4F7556}") = "API.Dal.General", "API.Dal.General\API.Dal.General.csproj", "{B607F937-71E0-482C-9874-D8028467DD86}"
EndProject
Project("{9A19103F-16F7-4668-BE54-9A1E7A4F7556}") = "API.Dal.Error", "API.Dal.Error\API.Dal.Error.csproj", "{FF885D71-6BCD-4693-9FF6-F4E5CB61279D}"
EndProject
Project("{9A19103F-16F7-4668-BE54-9A1E7A4F7556}") = "API.Bll.Estudiante", "API.Bll.Estudiante\API.Bll.Estudiante.csproj", "{DA3DA529-1115-4795-9C2B-6C24DCD8BED4}"
EndProject
Project("{9A19103F-16F7-4668-BE54-9A1E7A4F7556}") = "API.Bll.Error", "API.Bll.Error\API.Bll.Error.csproj", "{966D3B5C-F4F8-4FBC-A2C2-FA38006463BF}"
EndProject
Project("{9A19103F-16F7-4668-BE54-9A1E7A4F7556}") = "API.Bll.Matricula", "API.Bll.Matricula\API.Bll.Matricula.csproj", "{639C896B-66D7-4BD7-A3B7-AC85695C3BF0}"
EndProject
Project("{9A19103F-16F7-4668-BE54-9A1E7A4F7556}") = "API.Dal.Matricula", "API.Dal.Matricula\API.Dal.Matricula.csproj", "{AB01A9B0-87BC-4CDA-8C39-C637B33880E5}"
EndProject
Project("{9A19103F-16F7-4668-BE54-9A1E7A4F7556}") = "API.Dto.Matricula", "API.Dto.Matricula\API.Dto.Matricula.csproj", "{A87661D7-9AA4-4F2F-9007-8526E6245AA5}"
EndProject
Project("{9A19103F-16F7-4668-BE54-9A1E7A4F7556}") = "API.Bll.Curso", "API.Bll.Curso\API.Bll.Curso.csproj", "{FADA80E2-0427-4FE6-A9D3-C5A8A1B62A24}"
EndProject
Project("{9A19103F-16F7-4668-BE54-9A1E7A4F7556}") = "API.Dal.Curso", "API.Dal.Curso\API.Dal.Curso.csproj", "{E567B2F7-FAD3-4421-8ADF-17C6F880D965}"
EndProject
Project("{9A19103F-16F7-4668-BE54-9A1E7A4F7556}") = "API.Dto.Curso", "API.Dto.Curso\API.Dto.Curso.csproj", "{35391E9F-6449-48C8-BB60-92FE059F0545}"
EndProject
Project("{FAE04EC0-301F-11D3-BF4B-00C04F79EFBC}") = "API.Bll.Nota", "API.Bll.Nota\API.Bll.Nota.csproj", "{6437D935-EB2D-4445-9F1B-22003F36A27A}"
EndProject
Project("{FAE04EC0-301F-11D3-BF4B-00C04F79EFBC}") = "API.Dal.Nota", "API.Dal.Nota\API.Dal.Nota.csproj", "{5560AF2D-88E2-4E4D-B328-6799AB70823E}"
EndProject
Project("{FAE04EC0-301F-11D3-BF4B-00C04F79EFBC}") = "API.Dto.Nota", "API.Dto.Nota\API.Dto.Nota.csproj", "{F27EB5C2-0A2C-48C1-9D9F-26FAC2B580D9}"
EndProject
Project("{FAE04EC0-301F-11D3-BF4B-00C04F79EFBC}") = "API.Bll.Colegiatura", "API.Bll.Colegiatura\API.Bll.Colegiatura.csproj", "{E3337BBE-CDD3-43D2-8A28-3DBBD957E2C0}"
EndProject
Project("{FAE04EC0-301F-11D3-BF4B-00C04F79EFBC}") = "API.Dal.Colegiatura", "API.Dal.Colegiatura\API.Dal.Colegiatura.csproj", "{8E3510B4-64D8-44A9-B82D-2BB3391B1B58}"
EndProject
Project("{FAE04EC0-301F-11D3-BF4B-00C04F79EFBC}") = "API.Dto.Colegiatura", "API.Dto.Colegiatura\API.Dto.Colegiatura.csproj", "{4774D1FF-7A3B-4EA9-9643-21DA558B8499}"
Project("{9A19103F-16F7-4668-BE54-9A1E7A4F7556}") = "API.Bll.Horario", "API.Bll.Horario\API.Bll.Horario.csproj", "{138A812D-295B-493C-BB0C-027DE7D21577}"
EndProject
Project("{9A19103F-16F7-4668-BE54-9A1E7A4F7556}") = "API.Dal.Horario", "API.Dal.Horario\API.Dal.Horario.csproj", "{0C37B46E-EF4B-4FF6-82E9-D1056D8237EF}"
EndProject
Project("{9A19103F-16F7-4668-BE54-9A1E7A4F7556}") = "API.Dto.Horario", "API.Dto.Horario\API.Dto.Horario.csproj", "{72378500-8BEB-4A44-BEF4-BC3F437C6F89}"
EndProject
Project("{9A19103F-16F7-4668-BE54-9A1E7A4F7556}") = "API.Bll.Profesor", "API.Bll.Profesor\API.Bll.Profesor.csproj", "{485ADBA1-5B88-4872-8379-CB2BB2B2B27D}"
EndProject
Project("{9A19103F-16F7-4668-BE54-9A1E7A4F7556}") = "API.Dal.Profesor", "API.Dal.Profesor\API.Dal.Profesor.csproj", "{17CEF2A8-784D-4210-9978-7B0E3F6849CC}"
EndProject
Project("{9A19103F-16F7-4668-BE54-9A1E7A4F7556}") = "API.Dto.Profesor", "API.Dto.Profesor\API.Dto.Profesor.csproj", "{DD330BA3-A6F3-4E3B-B638-C8706A582E3C}"
EndProject
Global
	GlobalSection(SolutionConfigurationPlatforms) = preSolution
		Debug|Any CPU = Debug|Any CPU
		Release|Any CPU = Release|Any CPU
	EndGlobalSection
	GlobalSection(ProjectConfigurationPlatforms) = postSolution
		{8FCC0FE1-ED0D-46BB-BE35-5D3DF619058B}.Debug|Any CPU.ActiveCfg = Debug|Any CPU
		{8FCC0FE1-ED0D-46BB-BE35-5D3DF619058B}.Debug|Any CPU.Build.0 = Debug|Any CPU
		{8FCC0FE1-ED0D-46BB-BE35-5D3DF619058B}.Release|Any CPU.ActiveCfg = Release|Any CPU
		{8FCC0FE1-ED0D-46BB-BE35-5D3DF619058B}.Release|Any CPU.Build.0 = Release|Any CPU
		{47AD0686-8BF0-4E29-BEEF-2A548CA73E98}.Debug|Any CPU.ActiveCfg = Debug|Any CPU
		{47AD0686-8BF0-4E29-BEEF-2A548CA73E98}.Debug|Any CPU.Build.0 = Debug|Any CPU
		{47AD0686-8BF0-4E29-BEEF-2A548CA73E98}.Release|Any CPU.ActiveCfg = Release|Any CPU
		{47AD0686-8BF0-4E29-BEEF-2A548CA73E98}.Release|Any CPU.Build.0 = Release|Any CPU
		{E54FABD3-CAF4-46A2-A56D-95ACBCB2848D}.Debug|Any CPU.ActiveCfg = Debug|Any CPU
		{E54FABD3-CAF4-46A2-A56D-95ACBCB2848D}.Debug|Any CPU.Build.0 = Debug|Any CPU
		{E54FABD3-CAF4-46A2-A56D-95ACBCB2848D}.Release|Any CPU.ActiveCfg = Release|Any CPU
		{E54FABD3-CAF4-46A2-A56D-95ACBCB2848D}.Release|Any CPU.Build.0 = Release|Any CPU
		{60259A50-3882-4864-BE1B-8102952F0D60}.Debug|Any CPU.ActiveCfg = Debug|Any CPU
		{60259A50-3882-4864-BE1B-8102952F0D60}.Debug|Any CPU.Build.0 = Debug|Any CPU
		{60259A50-3882-4864-BE1B-8102952F0D60}.Release|Any CPU.ActiveCfg = Release|Any CPU
		{60259A50-3882-4864-BE1B-8102952F0D60}.Release|Any CPU.Build.0 = Release|Any CPU
		{7FFE311F-D654-4850-9B1C-AF7119BFFA05}.Debug|Any CPU.ActiveCfg = Debug|Any CPU
		{7FFE311F-D654-4850-9B1C-AF7119BFFA05}.Debug|Any CPU.Build.0 = Debug|Any CPU
		{7FFE311F-D654-4850-9B1C-AF7119BFFA05}.Release|Any CPU.ActiveCfg = Release|Any CPU
		{7FFE311F-D654-4850-9B1C-AF7119BFFA05}.Release|Any CPU.Build.0 = Release|Any CPU
		{DCE6B1DB-1774-4495-94F9-FFF1598F09C2}.Debug|Any CPU.ActiveCfg = Debug|Any CPU
		{DCE6B1DB-1774-4495-94F9-FFF1598F09C2}.Debug|Any CPU.Build.0 = Debug|Any CPU
		{DCE6B1DB-1774-4495-94F9-FFF1598F09C2}.Release|Any CPU.ActiveCfg = Release|Any CPU
		{DCE6B1DB-1774-4495-94F9-FFF1598F09C2}.Release|Any CPU.Build.0 = Release|Any CPU
		{B607F937-71E0-482C-9874-D8028467DD86}.Debug|Any CPU.ActiveCfg = Debug|Any CPU
		{B607F937-71E0-482C-9874-D8028467DD86}.Debug|Any CPU.Build.0 = Debug|Any CPU
		{B607F937-71E0-482C-9874-D8028467DD86}.Release|Any CPU.ActiveCfg = Release|Any CPU
		{B607F937-71E0-482C-9874-D8028467DD86}.Release|Any CPU.Build.0 = Release|Any CPU
		{FF885D71-6BCD-4693-9FF6-F4E5CB61279D}.Debug|Any CPU.ActiveCfg = Debug|Any CPU
		{FF885D71-6BCD-4693-9FF6-F4E5CB61279D}.Debug|Any CPU.Build.0 = Debug|Any CPU
		{FF885D71-6BCD-4693-9FF6-F4E5CB61279D}.Release|Any CPU.ActiveCfg = Release|Any CPU
		{FF885D71-6BCD-4693-9FF6-F4E5CB61279D}.Release|Any CPU.Build.0 = Release|Any CPU
		{DA3DA529-1115-4795-9C2B-6C24DCD8BED4}.Debug|Any CPU.ActiveCfg = Debug|Any CPU
		{DA3DA529-1115-4795-9C2B-6C24DCD8BED4}.Debug|Any CPU.Build.0 = Debug|Any CPU
		{DA3DA529-1115-4795-9C2B-6C24DCD8BED4}.Release|Any CPU.ActiveCfg = Release|Any CPU
		{DA3DA529-1115-4795-9C2B-6C24DCD8BED4}.Release|Any CPU.Build.0 = Release|Any CPU
		{966D3B5C-F4F8-4FBC-A2C2-FA38006463BF}.Debug|Any CPU.ActiveCfg = Debug|Any CPU
		{966D3B5C-F4F8-4FBC-A2C2-FA38006463BF}.Debug|Any CPU.Build.0 = Debug|Any CPU
		{966D3B5C-F4F8-4FBC-A2C2-FA38006463BF}.Release|Any CPU.ActiveCfg = Release|Any CPU
		{966D3B5C-F4F8-4FBC-A2C2-FA38006463BF}.Release|Any CPU.Build.0 = Release|Any CPU
		{639C896B-66D7-4BD7-A3B7-AC85695C3BF0}.Debug|Any CPU.ActiveCfg = Debug|Any CPU
		{639C896B-66D7-4BD7-A3B7-AC85695C3BF0}.Debug|Any CPU.Build.0 = Debug|Any CPU
		{639C896B-66D7-4BD7-A3B7-AC85695C3BF0}.Release|Any CPU.ActiveCfg = Release|Any CPU
		{639C896B-66D7-4BD7-A3B7-AC85695C3BF0}.Release|Any CPU.Build.0 = Release|Any CPU
		{AB01A9B0-87BC-4CDA-8C39-C637B33880E5}.Debug|Any CPU.ActiveCfg = Debug|Any CPU
		{AB01A9B0-87BC-4CDA-8C39-C637B33880E5}.Debug|Any CPU.Build.0 = Debug|Any CPU
		{AB01A9B0-87BC-4CDA-8C39-C637B33880E5}.Release|Any CPU.ActiveCfg = Release|Any CPU
		{AB01A9B0-87BC-4CDA-8C39-C637B33880E5}.Release|Any CPU.Build.0 = Release|Any CPU
		{A87661D7-9AA4-4F2F-9007-8526E6245AA5}.Debug|Any CPU.ActiveCfg = Debug|Any CPU
		{A87661D7-9AA4-4F2F-9007-8526E6245AA5}.Debug|Any CPU.Build.0 = Debug|Any CPU
		{A87661D7-9AA4-4F2F-9007-8526E6245AA5}.Release|Any CPU.ActiveCfg = Release|Any CPU
		{A87661D7-9AA4-4F2F-9007-8526E6245AA5}.Release|Any CPU.Build.0 = Release|Any CPU
		{FADA80E2-0427-4FE6-A9D3-C5A8A1B62A24}.Debug|Any CPU.ActiveCfg = Debug|Any CPU
		{FADA80E2-0427-4FE6-A9D3-C5A8A1B62A24}.Debug|Any CPU.Build.0 = Debug|Any CPU
		{FADA80E2-0427-4FE6-A9D3-C5A8A1B62A24}.Release|Any CPU.ActiveCfg = Release|Any CPU
		{FADA80E2-0427-4FE6-A9D3-C5A8A1B62A24}.Release|Any CPU.Build.0 = Release|Any CPU
		{E567B2F7-FAD3-4421-8ADF-17C6F880D965}.Debug|Any CPU.ActiveCfg = Debug|Any CPU
		{E567B2F7-FAD3-4421-8ADF-17C6F880D965}.Debug|Any CPU.Build.0 = Debug|Any CPU
		{E567B2F7-FAD3-4421-8ADF-17C6F880D965}.Release|Any CPU.ActiveCfg = Release|Any CPU
		{E567B2F7-FAD3-4421-8ADF-17C6F880D965}.Release|Any CPU.Build.0 = Release|Any CPU
		{35391E9F-6449-48C8-BB60-92FE059F0545}.Debug|Any CPU.ActiveCfg = Debug|Any CPU
		{35391E9F-6449-48C8-BB60-92FE059F0545}.Debug|Any CPU.Build.0 = Debug|Any CPU
		{35391E9F-6449-48C8-BB60-92FE059F0545}.Release|Any CPU.ActiveCfg = Release|Any CPU
		{35391E9F-6449-48C8-BB60-92FE059F0545}.Release|Any CPU.Build.0 = Release|Any CPU
		{6437D935-EB2D-4445-9F1B-22003F36A27A}.Debug|Any CPU.ActiveCfg = Debug|Any CPU
		{6437D935-EB2D-4445-9F1B-22003F36A27A}.Debug|Any CPU.Build.0 = Debug|Any CPU
		{6437D935-EB2D-4445-9F1B-22003F36A27A}.Release|Any CPU.ActiveCfg = Release|Any CPU
		{6437D935-EB2D-4445-9F1B-22003F36A27A}.Release|Any CPU.Build.0 = Release|Any CPU
		{5560AF2D-88E2-4E4D-B328-6799AB70823E}.Debug|Any CPU.ActiveCfg = Debug|Any CPU
		{5560AF2D-88E2-4E4D-B328-6799AB70823E}.Debug|Any CPU.Build.0 = Debug|Any CPU
		{5560AF2D-88E2-4E4D-B328-6799AB70823E}.Release|Any CPU.ActiveCfg = Release|Any CPU
		{5560AF2D-88E2-4E4D-B328-6799AB70823E}.Release|Any CPU.Build.0 = Release|Any CPU
		{F27EB5C2-0A2C-48C1-9D9F-26FAC2B580D9}.Debug|Any CPU.ActiveCfg = Debug|Any CPU
		{F27EB5C2-0A2C-48C1-9D9F-26FAC2B580D9}.Debug|Any CPU.Build.0 = Debug|Any CPU
		{F27EB5C2-0A2C-48C1-9D9F-26FAC2B580D9}.Release|Any CPU.ActiveCfg = Release|Any CPU
		{F27EB5C2-0A2C-48C1-9D9F-26FAC2B580D9}.Release|Any CPU.Build.0 = Release|Any CPU
		{E3337BBE-CDD3-43D2-8A28-3DBBD957E2C0}.Debug|Any CPU.ActiveCfg = Debug|Any CPU
		{E3337BBE-CDD3-43D2-8A28-3DBBD957E2C0}.Debug|Any CPU.Build.0 = Debug|Any CPU
		{E3337BBE-CDD3-43D2-8A28-3DBBD957E2C0}.Release|Any CPU.ActiveCfg = Release|Any CPU
		{E3337BBE-CDD3-43D2-8A28-3DBBD957E2C0}.Release|Any CPU.Build.0 = Release|Any CPU
		{8E3510B4-64D8-44A9-B82D-2BB3391B1B58}.Debug|Any CPU.ActiveCfg = Debug|Any CPU
		{8E3510B4-64D8-44A9-B82D-2BB3391B1B58}.Debug|Any CPU.Build.0 = Debug|Any CPU
		{8E3510B4-64D8-44A9-B82D-2BB3391B1B58}.Release|Any CPU.ActiveCfg = Release|Any CPU
		{8E3510B4-64D8-44A9-B82D-2BB3391B1B58}.Release|Any CPU.Build.0 = Release|Any CPU
		{4774D1FF-7A3B-4EA9-9643-21DA558B8499}.Debug|Any CPU.ActiveCfg = Debug|Any CPU
		{4774D1FF-7A3B-4EA9-9643-21DA558B8499}.Debug|Any CPU.Build.0 = Debug|Any CPU
		{4774D1FF-7A3B-4EA9-9643-21DA558B8499}.Release|Any CPU.ActiveCfg = Release|Any CPU
		{4774D1FF-7A3B-4EA9-9643-21DA558B8499}.Release|Any CPU.Build.0 = Release|Any CPU
		{138A812D-295B-493C-BB0C-027DE7D21577}.Debug|Any CPU.ActiveCfg = Debug|Any CPU
		{138A812D-295B-493C-BB0C-027DE7D21577}.Debug|Any CPU.Build.0 = Debug|Any CPU
		{138A812D-295B-493C-BB0C-027DE7D21577}.Release|Any CPU.ActiveCfg = Release|Any CPU
		{138A812D-295B-493C-BB0C-027DE7D21577}.Release|Any CPU.Build.0 = Release|Any CPU
		{0C37B46E-EF4B-4FF6-82E9-D1056D8237EF}.Debug|Any CPU.ActiveCfg = Debug|Any CPU
		{0C37B46E-EF4B-4FF6-82E9-D1056D8237EF}.Debug|Any CPU.Build.0 = Debug|Any CPU
		{0C37B46E-EF4B-4FF6-82E9-D1056D8237EF}.Release|Any CPU.ActiveCfg = Release|Any CPU
		{0C37B46E-EF4B-4FF6-82E9-D1056D8237EF}.Release|Any CPU.Build.0 = Release|Any CPU
		{72378500-8BEB-4A44-BEF4-BC3F437C6F89}.Debug|Any CPU.ActiveCfg = Debug|Any CPU
		{72378500-8BEB-4A44-BEF4-BC3F437C6F89}.Debug|Any CPU.Build.0 = Debug|Any CPU
		{72378500-8BEB-4A44-BEF4-BC3F437C6F89}.Release|Any CPU.ActiveCfg = Release|Any CPU
		{72378500-8BEB-4A44-BEF4-BC3F437C6F89}.Release|Any CPU.Build.0 = Release|Any CPU
		{485ADBA1-5B88-4872-8379-CB2BB2B2B27D}.Debug|Any CPU.ActiveCfg = Debug|Any CPU
		{485ADBA1-5B88-4872-8379-CB2BB2B2B27D}.Debug|Any CPU.Build.0 = Debug|Any CPU
		{485ADBA1-5B88-4872-8379-CB2BB2B2B27D}.Release|Any CPU.ActiveCfg = Release|Any CPU
		{485ADBA1-5B88-4872-8379-CB2BB2B2B27D}.Release|Any CPU.Build.0 = Release|Any CPU
		{17CEF2A8-784D-4210-9978-7B0E3F6849CC}.Debug|Any CPU.ActiveCfg = Debug|Any CPU
		{17CEF2A8-784D-4210-9978-7B0E3F6849CC}.Debug|Any CPU.Build.0 = Debug|Any CPU
		{17CEF2A8-784D-4210-9978-7B0E3F6849CC}.Release|Any CPU.ActiveCfg = Release|Any CPU
		{17CEF2A8-784D-4210-9978-7B0E3F6849CC}.Release|Any CPU.Build.0 = Release|Any CPU
		{DD330BA3-A6F3-4E3B-B638-C8706A582E3C}.Debug|Any CPU.ActiveCfg = Debug|Any CPU
		{DD330BA3-A6F3-4E3B-B638-C8706A582E3C}.Debug|Any CPU.Build.0 = Debug|Any CPU
		{DD330BA3-A6F3-4E3B-B638-C8706A582E3C}.Release|Any CPU.ActiveCfg = Release|Any CPU
		{DD330BA3-A6F3-4E3B-B638-C8706A582E3C}.Release|Any CPU.Build.0 = Release|Any CPU
	EndGlobalSection
	GlobalSection(SolutionProperties) = preSolution
		HideSolutionNode = FALSE
	EndGlobalSection
	GlobalSection(NestedProjects) = preSolution
		{8FCC0FE1-ED0D-46BB-BE35-5D3DF619058B} = {04EFCFB4-D330-44BD-84B0-5676D4AFF91D}
		{47AD0686-8BF0-4E29-BEEF-2A548CA73E98} = {712C68F4-7F82-4AC2-8353-CE431FDC6920}
		{E54FABD3-CAF4-46A2-A56D-95ACBCB2848D} = {D37BE4B5-475A-47E4-B39B-D79551A49050}
		{60259A50-3882-4864-BE1B-8102952F0D60} = {D37BE4B5-475A-47E4-B39B-D79551A49050}
		{7FFE311F-D654-4850-9B1C-AF7119BFFA05} = {D37BE4B5-475A-47E4-B39B-D79551A49050}
		{DCE6B1DB-1774-4495-94F9-FFF1598F09C2} = {7EE897EF-6EAE-40F5-9F6A-CB89FDA4B07F}
		{B607F937-71E0-482C-9874-D8028467DD86} = {7EE897EF-6EAE-40F5-9F6A-CB89FDA4B07F}
		{FF885D71-6BCD-4693-9FF6-F4E5CB61279D} = {7EE897EF-6EAE-40F5-9F6A-CB89FDA4B07F}
		{DA3DA529-1115-4795-9C2B-6C24DCD8BED4} = {70E11378-4808-4449-8493-47F4132FCC1E}
		{966D3B5C-F4F8-4FBC-A2C2-FA38006463BF} = {70E11378-4808-4449-8493-47F4132FCC1E}
		{639C896B-66D7-4BD7-A3B7-AC85695C3BF0} = {70E11378-4808-4449-8493-47F4132FCC1E}
		{AB01A9B0-87BC-4CDA-8C39-C637B33880E5} = {7EE897EF-6EAE-40F5-9F6A-CB89FDA4B07F}
		{A87661D7-9AA4-4F2F-9007-8526E6245AA5} = {D37BE4B5-475A-47E4-B39B-D79551A49050}
		{FADA80E2-0427-4FE6-A9D3-C5A8A1B62A24} = {70E11378-4808-4449-8493-47F4132FCC1E}
		{E567B2F7-FAD3-4421-8ADF-17C6F880D965} = {7EE897EF-6EAE-40F5-9F6A-CB89FDA4B07F}
		{35391E9F-6449-48C8-BB60-92FE059F0545} = {D37BE4B5-475A-47E4-B39B-D79551A49050}
		{6437D935-EB2D-4445-9F1B-22003F36A27A} = {70E11378-4808-4449-8493-47F4132FCC1E}
		{5560AF2D-88E2-4E4D-B328-6799AB70823E} = {7EE897EF-6EAE-40F5-9F6A-CB89FDA4B07F}
		{F27EB5C2-0A2C-48C1-9D9F-26FAC2B580D9} = {D37BE4B5-475A-47E4-B39B-D79551A49050}
		{E3337BBE-CDD3-43D2-8A28-3DBBD957E2C0} = {70E11378-4808-4449-8493-47F4132FCC1E}
		{8E3510B4-64D8-44A9-B82D-2BB3391B1B58} = {7EE897EF-6EAE-40F5-9F6A-CB89FDA4B07F}
		{4774D1FF-7A3B-4EA9-9643-21DA558B8499} = {D37BE4B5-475A-47E4-B39B-D79551A49050}
		{138A812D-295B-493C-BB0C-027DE7D21577} = {70E11378-4808-4449-8493-47F4132FCC1E}
		{0C37B46E-EF4B-4FF6-82E9-D1056D8237EF} = {7EE897EF-6EAE-40F5-9F6A-CB89FDA4B07F}
		{72378500-8BEB-4A44-BEF4-BC3F437C6F89} = {D37BE4B5-475A-47E4-B39B-D79551A49050}
		{485ADBA1-5B88-4872-8379-CB2BB2B2B27D} = {70E11378-4808-4449-8493-47F4132FCC1E}
		{17CEF2A8-784D-4210-9978-7B0E3F6849CC} = {7EE897EF-6EAE-40F5-9F6A-CB89FDA4B07F}
		{DD330BA3-A6F3-4E3B-B638-C8706A582E3C} = {D37BE4B5-475A-47E4-B39B-D79551A49050}
	EndGlobalSection
	GlobalSection(ExtensibilityGlobals) = postSolution
		SolutionGuid = {3BAA198D-593C-469E-A781-C195F6CCA764}
	EndGlobalSection
EndGlobal
